// !$*UTF8*$!
{
	archiveVersion = 1;
	classes = {
	};
	objectVersion = 50;
	objects = {

/* Begin PBXBuildFile section */
		052361FF25B23FBE00066CCE /* MapKit.framework in Frameworks */ = {isa = PBXBuildFile; fileRef = 052361FE25B23FBE00066CCE /* MapKit.framework */; };
		052623FB256D8EEB007A98E7 /* AppDelegate.swift in Sources */ = {isa = PBXBuildFile; fileRef = 052623FA256D8EEB007A98E7 /* AppDelegate.swift */; };
		052623FD256D8EEB007A98E7 /* SceneDelegate.swift in Sources */ = {isa = PBXBuildFile; fileRef = 052623FC256D8EEB007A98E7 /* SceneDelegate.swift */; };
		05262402256D8EEB007A98E7 /* Main.storyboard in Resources */ = {isa = PBXBuildFile; fileRef = 05262400256D8EEB007A98E7 /* Main.storyboard */; };
		05262404256D8EEC007A98E7 /* Assets.xcassets in Resources */ = {isa = PBXBuildFile; fileRef = 05262403256D8EEC007A98E7 /* Assets.xcassets */; };
		05262407256D8EEC007A98E7 /* LaunchScreen.storyboard in Resources */ = {isa = PBXBuildFile; fileRef = 05262405256D8EEC007A98E7 /* LaunchScreen.storyboard */; };
		05262412256D8EEC007A98E7 /* WorldTrotterTests.swift in Sources */ = {isa = PBXBuildFile; fileRef = 05262411256D8EEC007A98E7 /* WorldTrotterTests.swift */; };
		0526241D256D8EEC007A98E7 /* WorldTrotterUITests.swift in Sources */ = {isa = PBXBuildFile; fileRef = 0526241C256D8EEC007A98E7 /* WorldTrotterUITests.swift */; };
		053BA6E625BB6445000A085A /* MapViewController.swift in Sources */ = {isa = PBXBuildFile; fileRef = 053BA6E525BB6445000A085A /* MapViewController.swift */; };
		053BA6EB25BB7988000A085A /* BookViewController.swift in Sources */ = {isa = PBXBuildFile; fileRef = 053BA6EA25BB7988000A085A /* BookViewController.swift */; };
		055A5E44261BB3D800DBF964 /* Localizable.strings in Resources */ = {isa = PBXBuildFile; fileRef = 055A5E46261BB3D800DBF964 /* Localizable.strings */; };
		05DE4F1325758F8C008A4D32 /* ConversionViewController.swift in Sources */ = {isa = PBXBuildFile; fileRef = 05DE4F1225758F8C008A4D32 /* ConversionViewController.swift */; };
/* End PBXBuildFile section */

/* Begin PBXContainerItemProxy section */
		0526240E256D8EEC007A98E7 /* PBXContainerItemProxy */ = {
			isa = PBXContainerItemProxy;
			containerPortal = 052623EF256D8EEB007A98E7 /* Project object */;
			proxyType = 1;
			remoteGlobalIDString = 052623F6256D8EEB007A98E7;
			remoteInfo = WorldTrotter;
		};
		05262419256D8EEC007A98E7 /* PBXContainerItemProxy */ = {
			isa = PBXContainerItemProxy;
			containerPortal = 052623EF256D8EEB007A98E7 /* Project object */;
			proxyType = 1;
			remoteGlobalIDString = 052623F6256D8EEB007A98E7;
			remoteInfo = WorldTrotter;
		};
/* End PBXContainerItemProxy section */

/* Begin PBXFileReference section */
		052361FE25B23FBE00066CCE /* MapKit.framework */ = {isa = PBXFileReference; lastKnownFileType = wrapper.framework; name = MapKit.framework; path = System/Library/Frameworks/MapKit.framework; sourceTree = SDKROOT; };
		052623F7256D8EEB007A98E7 /* WorldTrotter.app */ = {isa = PBXFileReference; explicitFileType = wrapper.application; includeInIndex = 0; path = WorldTrotter.app; sourceTree = BUILT_PRODUCTS_DIR; };
		052623FA256D8EEB007A98E7 /* AppDelegate.swift */ = {isa = PBXFileReference; lastKnownFileType = sourcecode.swift; path = AppDelegate.swift; sourceTree = "<group>"; };
		052623FC256D8EEB007A98E7 /* SceneDelegate.swift */ = {isa = PBXFileReference; lastKnownFileType = sourcecode.swift; path = SceneDelegate.swift; sourceTree = "<group>"; };
		05262401256D8EEB007A98E7 /* Base */ = {isa = PBXFileReference; lastKnownFileType = file.storyboard; name = Base; path = Base.lproj/Main.storyboard; sourceTree = "<group>"; };
		05262403256D8EEC007A98E7 /* Assets.xcassets */ = {isa = PBXFileReference; lastKnownFileType = folder.assetcatalog; path = Assets.xcassets; sourceTree = "<group>"; };
		05262406256D8EEC007A98E7 /* Base */ = {isa = PBXFileReference; lastKnownFileType = file.storyboard; name = Base; path = Base.lproj/LaunchScreen.storyboard; sourceTree = "<group>"; };
		05262408256D8EEC007A98E7 /* Info.plist */ = {isa = PBXFileReference; lastKnownFileType = text.plist.xml; path = Info.plist; sourceTree = "<group>"; };
		0526240D256D8EEC007A98E7 /* WorldTrotterTests.xctest */ = {isa = PBXFileReference; explicitFileType = wrapper.cfbundle; includeInIndex = 0; path = WorldTrotterTests.xctest; sourceTree = BUILT_PRODUCTS_DIR; };
		05262411256D8EEC007A98E7 /* WorldTrotterTests.swift */ = {isa = PBXFileReference; lastKnownFileType = sourcecode.swift; path = WorldTrotterTests.swift; sourceTree = "<group>"; };
		05262413256D8EEC007A98E7 /* Info.plist */ = {isa = PBXFileReference; lastKnownFileType = text.plist.xml; path = Info.plist; sourceTree = "<group>"; };
		05262418256D8EEC007A98E7 /* WorldTrotterUITests.xctest */ = {isa = PBXFileReference; explicitFileType = wrapper.cfbundle; includeInIndex = 0; path = WorldTrotterUITests.xctest; sourceTree = BUILT_PRODUCTS_DIR; };
		0526241C256D8EEC007A98E7 /* WorldTrotterUITests.swift */ = {isa = PBXFileReference; lastKnownFileType = sourcecode.swift; path = WorldTrotterUITests.swift; sourceTree = "<group>"; };
		0526241E256D8EEC007A98E7 /* Info.plist */ = {isa = PBXFileReference; lastKnownFileType = text.plist.xml; path = Info.plist; sourceTree = "<group>"; };
		053BA6E525BB6445000A085A /* MapViewController.swift */ = {isa = PBXFileReference; lastKnownFileType = sourcecode.swift; path = MapViewController.swift; sourceTree = "<group>"; };
		053BA6EA25BB7988000A085A /* BookViewController.swift */ = {isa = PBXFileReference; lastKnownFileType = sourcecode.swift; path = BookViewController.swift; sourceTree = "<group>"; };
		055A5E29261BAE7100DBF964 /* en */ = {isa = PBXFileReference; lastKnownFileType = text.plist.strings; name = en; path = en.lproj/Main.strings; sourceTree = "<group>"; };
		055A5E32261BAF2400DBF964 /* es */ = {isa = PBXFileReference; lastKnownFileType = text.plist.strings; name = es; path = es.lproj/Main.strings; sourceTree = "<group>"; };
		055A5E45261BB3D800DBF964 /* en */ = {isa = PBXFileReference; lastKnownFileType = text.plist.strings; name = en; path = en.lproj/Localizable.strings; sourceTree = "<group>"; };
		055A5E4A261BB3E000DBF964 /* es */ = {isa = PBXFileReference; lastKnownFileType = text.plist.strings; name = es; path = es.lproj/Localizable.strings; sourceTree = "<group>"; };
		05DE4F1225758F8C008A4D32 /* ConversionViewController.swift */ = {isa = PBXFileReference; lastKnownFileType = sourcecode.swift; path = ConversionViewController.swift; sourceTree = "<group>"; };
/* End PBXFileReference section */

/* Begin PBXFrameworksBuildPhase section */
		052623F4256D8EEB007A98E7 /* Frameworks */ = {
			isa = PBXFrameworksBuildPhase;
			buildActionMask = 2147483647;
			files = (
				052361FF25B23FBE00066CCE /* MapKit.framework in Frameworks */,
			);
			runOnlyForDeploymentPostprocessing = 0;
		};
		0526240A256D8EEC007A98E7 /* Frameworks */ = {
			isa = PBXFrameworksBuildPhase;
			buildActionMask = 2147483647;
			files = (
			);
			runOnlyForDeploymentPostprocessing = 0;
		};
		05262415256D8EEC007A98E7 /* Frameworks */ = {
			isa = PBXFrameworksBuildPhase;
			buildActionMask = 2147483647;
			files = (
			);
			runOnlyForDeploymentPostprocessing = 0;
		};
/* End PBXFrameworksBuildPhase section */

/* Begin PBXGroup section */
		052361FD25B23FBD00066CCE /* Frameworks */ = {
			isa = PBXGroup;
			children = (
				052361FE25B23FBE00066CCE /* MapKit.framework */,
			);
			name = Frameworks;
			sourceTree = "<group>";
		};
		052623EE256D8EEB007A98E7 = {
			isa = PBXGroup;
			children = (
				052623F9256D8EEB007A98E7 /* WorldTrotter */,
				05262410256D8EEC007A98E7 /* WorldTrotterTests */,
				0526241B256D8EEC007A98E7 /* WorldTrotterUITests */,
				052623F8256D8EEB007A98E7 /* Products */,
				052361FD25B23FBD00066CCE /* Frameworks */,
			);
			sourceTree = "<group>";
		};
		052623F8256D8EEB007A98E7 /* Products */ = {
			isa = PBXGroup;
			children = (
				052623F7256D8EEB007A98E7 /* WorldTrotter.app */,
				0526240D256D8EEC007A98E7 /* WorldTrotterTests.xctest */,
				05262418256D8EEC007A98E7 /* WorldTrotterUITests.xctest */,
			);
			name = Products;
			sourceTree = "<group>";
		};
		052623F9256D8EEB007A98E7 /* WorldTrotter */ = {
			isa = PBXGroup;
			children = (
				052623FA256D8EEB007A98E7 /* AppDelegate.swift */,
				052623FC256D8EEB007A98E7 /* SceneDelegate.swift */,
				05262400256D8EEB007A98E7 /* Main.storyboard */,
				053BA6EA25BB7988000A085A /* BookViewController.swift */,
				055A5E46261BB3D800DBF964 /* Localizable.strings */,
				053BA6E525BB6445000A085A /* MapViewController.swift */,
				05262403256D8EEC007A98E7 /* Assets.xcassets */,
				05262405256D8EEC007A98E7 /* LaunchScreen.storyboard */,
				05262408256D8EEC007A98E7 /* Info.plist */,
				05DE4F1225758F8C008A4D32 /* ConversionViewController.swift */,
			);
			path = WorldTrotter;
			sourceTree = "<group>";
		};
		05262410256D8EEC007A98E7 /* WorldTrotterTests */ = {
			isa = PBXGroup;
			children = (
				05262411256D8EEC007A98E7 /* WorldTrotterTests.swift */,
				05262413256D8EEC007A98E7 /* Info.plist */,
			);
			path = WorldTrotterTests;
			sourceTree = "<group>";
		};
		0526241B256D8EEC007A98E7 /* WorldTrotterUITests */ = {
			isa = PBXGroup;
			children = (
				0526241C256D8EEC007A98E7 /* WorldTrotterUITests.swift */,
				0526241E256D8EEC007A98E7 /* Info.plist */,
			);
			path = WorldTrotterUITests;
			sourceTree = "<group>";
		};
/* End PBXGroup section */

/* Begin PBXNativeTarget section */
		052623F6256D8EEB007A98E7 /* WorldTrotter */ = {
			isa = PBXNativeTarget;
			buildConfigurationList = 05262421256D8EEC007A98E7 /* Build configuration list for PBXNativeTarget "WorldTrotter" */;
			buildPhases = (
				052623F3256D8EEB007A98E7 /* Sources */,
				052623F4256D8EEB007A98E7 /* Frameworks */,
				052623F5256D8EEB007A98E7 /* Resources */,
			);
			buildRules = (
			);
			dependencies = (
			);
			name = WorldTrotter;
			productName = WorldTrotter;
			productReference = 052623F7256D8EEB007A98E7 /* WorldTrotter.app */;
			productType = "com.apple.product-type.application";
		};
		0526240C256D8EEC007A98E7 /* WorldTrotterTests */ = {
			isa = PBXNativeTarget;
			buildConfigurationList = 05262424256D8EEC007A98E7 /* Build configuration list for PBXNativeTarget "WorldTrotterTests" */;
			buildPhases = (
				05262409256D8EEC007A98E7 /* Sources */,
				0526240A256D8EEC007A98E7 /* Frameworks */,
				0526240B256D8EEC007A98E7 /* Resources */,
			);
			buildRules = (
			);
			dependencies = (
				0526240F256D8EEC007A98E7 /* PBXTargetDependency */,
			);
			name = WorldTrotterTests;
			productName = WorldTrotterTests;
			productReference = 0526240D256D8EEC007A98E7 /* WorldTrotterTests.xctest */;
			productType = "com.apple.product-type.bundle.unit-test";
		};
		05262417256D8EEC007A98E7 /* WorldTrotterUITests */ = {
			isa = PBXNativeTarget;
			buildConfigurationList = 05262427256D8EEC007A98E7 /* Build configuration list for PBXNativeTarget "WorldTrotterUITests" */;
			buildPhases = (
				05262414256D8EEC007A98E7 /* Sources */,
				05262415256D8EEC007A98E7 /* Frameworks */,
				05262416256D8EEC007A98E7 /* Resources */,
			);
			buildRules = (
			);
			dependencies = (
				0526241A256D8EEC007A98E7 /* PBXTargetDependency */,
			);
			name = WorldTrotterUITests;
			productName = WorldTrotterUITests;
			productReference = 05262418256D8EEC007A98E7 /* WorldTrotterUITests.xctest */;
			productType = "com.apple.product-type.bundle.ui-testing";
		};
/* End PBXNativeTarget section */

/* Begin PBXProject section */
		052623EF256D8EEB007A98E7 /* Project object */ = {
			isa = PBXProject;
			attributes = {
				LastSwiftUpdateCheck = 1200;
				LastUpgradeCheck = 1200;
				TargetAttributes = {
					052623F6256D8EEB007A98E7 = {
						CreatedOnToolsVersion = 12.0;
					};
					0526240C256D8EEC007A98E7 = {
						CreatedOnToolsVersion = 12.0;
						TestTargetID = 052623F6256D8EEB007A98E7;
					};
					05262417256D8EEC007A98E7 = {
						CreatedOnToolsVersion = 12.0;
						TestTargetID = 052623F6256D8EEB007A98E7;
					};
				};
			};
			buildConfigurationList = 052623F2256D8EEB007A98E7 /* Build configuration list for PBXProject "WorldTrotter" */;
			compatibilityVersion = "Xcode 9.3";
			developmentRegion = en;
			hasScannedForEncodings = 0;
			knownRegions = (
				en,
				Base,
				es,
			);
			mainGroup = 052623EE256D8EEB007A98E7;
			productRefGroup = 052623F8256D8EEB007A98E7 /* Products */;
			projectDirPath = "";
			projectRoot = "";
			targets = (
				052623F6256D8EEB007A98E7 /* WorldTrotter */,
				0526240C256D8EEC007A98E7 /* WorldTrotterTests */,
				05262417256D8EEC007A98E7 /* WorldTrotterUITests */,
			);
		};
/* End PBXProject section */

/* Begin PBXResourcesBuildPhase section */
		052623F5256D8EEB007A98E7 /* Resources */ = {
			isa = PBXResourcesBuildPhase;
			buildActionMask = 2147483647;
			files = (
				05262407256D8EEC007A98E7 /* LaunchScreen.storyboard in Resources */,
				055A5E44261BB3D800DBF964 /* Localizable.strings in Resources */,
				05262404256D8EEC007A98E7 /* Assets.xcassets in Resources */,
				05262402256D8EEB007A98E7 /* Main.storyboard in Resources */,
			);
			runOnlyForDeploymentPostprocessing = 0;
		};
		0526240B256D8EEC007A98E7 /* Resources */ = {
			isa = PBXResourcesBuildPhase;
			buildActionMask = 2147483647;
			files = (
			);
			runOnlyForDeploymentPostprocessing = 0;
		};
		05262416256D8EEC007A98E7 /* Resources */ = {
			isa = PBXResourcesBuildPhase;
			buildActionMask = 2147483647;
			files = (
			);
			runOnlyForDeploymentPostprocessing = 0;
		};
/* End PBXResourcesBuildPhase section */

/* Begin PBXSourcesBuildPhase section */
		052623F3256D8EEB007A98E7 /* Sources */ = {
			isa = PBXSourcesBuildPhase;
			buildActionMask = 2147483647;
			files = (
				053BA6EB25BB7988000A085A /* BookViewController.swift in Sources */,
				052623FB256D8EEB007A98E7 /* AppDelegate.swift in Sources */,
				05DE4F1325758F8C008A4D32 /* ConversionViewController.swift in Sources */,
				052623FD256D8EEB007A98E7 /* SceneDelegate.swift in Sources */,
				053BA6E625BB6445000A085A /* MapViewController.swift in Sources */,
			);
			runOnlyForDeploymentPostprocessing = 0;
		};
		05262409256D8EEC007A98E7 /* Sources */ = {
			isa = PBXSourcesBuildPhase;
			buildActionMask = 2147483647;
			files = (
				05262412256D8EEC007A98E7 /* WorldTrotterTests.swift in Sources */,
			);
			runOnlyForDeploymentPostprocessing = 0;
		};
		05262414256D8EEC007A98E7 /* Sources */ = {
			isa = PBXSourcesBuildPhase;
			buildActionMask = 2147483647;
			files = (
				0526241D256D8EEC007A98E7 /* WorldTrotterUITests.swift in Sources */,
			);
			runOnlyForDeploymentPostprocessing = 0;
		};
/* End PBXSourcesBuildPhase section */

/* Begin PBXTargetDependency section */
		0526240F256D8EEC007A98E7 /* PBXTargetDependency */ = {
			isa = PBXTargetDependency;
			target = 052623F6256D8EEB007A98E7 /* WorldTrotter */;
			targetProxy = 0526240E256D8EEC007A98E7 /* PBXContainerItemProxy */;
		};
		0526241A256D8EEC007A98E7 /* PBXTargetDependency */ = {
			isa = PBXTargetDependency;
			target = 052623F6256D8EEB007A98E7 /* WorldTrotter */;
			targetProxy = 05262419256D8EEC007A98E7 /* PBXContainerItemProxy */;
		};
/* End PBXTargetDependency section */

/* Begin PBXVariantGroup section */
		05262400256D8EEB007A98E7 /* Main.storyboard */ = {
			isa = PBXVariantGroup;
			children = (
				05262401256D8EEB007A98E7 /* Base */,
				055A5E29261BAE7100DBF964 /* en */,
				055A5E32261BAF2400DBF964 /* es */,
			);
			name = Main.storyboard;
			sourceTree = "<group>";
		};
		05262405256D8EEC007A98E7 /* LaunchScreen.storyboard */ = {
			isa = PBXVariantGroup;
			children = (
				05262406256D8EEC007A98E7 /* Base */,
			);
			name = LaunchScreen.storyboard;
			sourceTree = "<group>";
		};
		055A5E46261BB3D800DBF964 /* Localizable.strings */ = {
			isa = PBXVariantGroup;
			children = (
				055A5E45261BB3D800DBF964 /* en */,
				055A5E4A261BB3E000DBF964 /* es */,
			);
			name = Localizable.strings;
			sourceTree = "<group>";
		};
/* End PBXVariantGroup section */

/* Begin XCBuildConfiguration section */
		0526241F256D8EEC007A98E7 /* Debug */ = {
			isa = XCBuildConfiguration;
			buildSettings = {
				ALWAYS_SEARCH_USER_PATHS = NO;
				CLANG_ANALYZER_LOCALIZABILITY_NONLOCALIZED = YES;
				CLANG_ANALYZER_NONNULL = YES;
				CLANG_ANALYZER_NUMBER_OBJECT_CONVERSION = YES_AGGRESSIVE;
				CLANG_CXX_LANGUAGE_STANDARD = "gnu++14";
				CLANG_CXX_LIBRARY = "libc++";
				CLANG_ENABLE_MODULES = YES;
				CLANG_ENABLE_OBJC_ARC = YES;
				CLANG_ENABLE_OBJC_WEAK = YES;
				CLANG_WARN_BLOCK_CAPTURE_AUTORELEASING = YES;
				CLANG_WARN_BOOL_CONVERSION = YES;
				CLANG_WARN_COMMA = YES;
				CLANG_WARN_CONSTANT_CONVERSION = YES;
				CLANG_WARN_DEPRECATED_OBJC_IMPLEMENTATIONS = YES;
				CLANG_WARN_DIRECT_OBJC_ISA_USAGE = YES_ERROR;
				CLANG_WARN_DOCUMENTATION_COMMENTS = YES;
				CLANG_WARN_EMPTY_BODY = YES;
				CLANG_WARN_ENUM_CONVERSION = YES;
				CLANG_WARN_INFINITE_RECURSION = YES;
				CLANG_WARN_INT_CONVERSION = YES;
				CLANG_WARN_NON_LITERAL_NULL_CONVERSION = YES;
				CLANG_WARN_OBJC_IMPLICIT_RETAIN_SELF = YES;
				CLANG_WARN_OBJC_LITERAL_CONVERSION = YES;
				CLANG_WARN_OBJC_ROOT_CLASS = YES_ERROR;
				CLANG_WARN_QUOTED_INCLUDE_IN_FRAMEWORK_HEADER = YES;
				CLANG_WARN_RANGE_LOOP_ANALYSIS = YES;
				CLANG_WARN_STRICT_PROTOTYPES = YES;
				CLANG_WARN_SUSPICIOUS_MOVE = YES;
				CLANG_WARN_UNGUARDED_AVAILABILITY = YES_AGGRESSIVE;
				CLANG_WARN_UNREACHABLE_CODE = YES;
				CLANG_WARN__DUPLICATE_METHOD_MATCH = YES;
				COPY_PHASE_STRIP = NO;
				DEBUG_INFORMATION_FORMAT = dwarf;
				ENABLE_STRICT_OBJC_MSGSEND = YES;
				ENABLE_TESTABILITY = YES;
				GCC_C_LANGUAGE_STANDARD = gnu11;
				GCC_DYNAMIC_NO_PIC = NO;
				GCC_NO_COMMON_BLOCKS = YES;
				GCC_OPTIMIZATION_LEVEL = 0;
				GCC_PREPROCESSOR_DEFINITIONS = (
					"DEBUG=1",
					"$(inherited)",
				);
				GCC_WARN_64_TO_32_BIT_CONVERSION = YES;
				GCC_WARN_ABOUT_RETURN_TYPE = YES_ERROR;
				GCC_WARN_UNDECLARED_SELECTOR = YES;
				GCC_WARN_UNINITIALIZED_AUTOS = YES_AGGRESSIVE;
				GCC_WARN_UNUSED_FUNCTION = YES;
				GCC_WARN_UNUSED_VARIABLE = YES;
				IPHONEOS_DEPLOYMENT_TARGET = 14.0;
				MTL_ENABLE_DEBUG_INFO = INCLUDE_SOURCE;
				MTL_FAST_MATH = YES;
				ONLY_ACTIVE_ARCH = YES;
				SDKROOT = iphoneos;
				SWIFT_ACTIVE_COMPILATION_CONDITIONS = DEBUG;
				SWIFT_OPTIMIZATION_LEVEL = "-Onone";
			};
			name = Debug;
		};
		05262420256D8EEC007A98E7 /* Release */ = {
			isa = XCBuildConfiguration;
			buildSettings = {
				ALWAYS_SEARCH_USER_PATHS = NO;
				CLANG_ANALYZER_LOCALIZABILITY_NONLOCALIZED = YES;
				CLANG_ANALYZER_NONNULL = YES;
				CLANG_ANALYZER_NUMBER_OBJECT_CONVERSION = YES_AGGRESSIVE;
				CLANG_CXX_LANGUAGE_STANDARD = "gnu++14";
				CLANG_CXX_LIBRARY = "libc++";
				CLANG_ENABLE_MODULES = YES;
				CLANG_ENABLE_OBJC_ARC = YES;
				CLANG_ENABLE_OBJC_WEAK = YES;
				CLANG_WARN_BLOCK_CAPTURE_AUTORELEASING = YES;
				CLANG_WARN_BOOL_CONVERSION = YES;
				CLANG_WARN_COMMA = YES;
				CLANG_WARN_CONSTANT_CONVERSION = YES;
				CLANG_WARN_DEPRECATED_OBJC_IMPLEMENTATIONS = YES;
				CLANG_WARN_DIRECT_OBJC_ISA_USAGE = YES_ERROR;
				CLANG_WARN_DOCUMENTATION_COMMENTS = YES;
				CLANG_WARN_EMPTY_BODY = YES;
				CLANG_WARN_ENUM_CONVERSION = YES;
				CLANG_WARN_INFINITE_RECURSION = YES;
				CLANG_WARN_INT_CONVERSION = YES;
				CLANG_WARN_NON_LITERAL_NULL_CONVERSION = YES;
				CLANG_WARN_OBJC_IMPLICIT_RETAIN_SELF = YES;
				CLANG_WARN_OBJC_LITERAL_CONVERSION = YES;
				CLANG_WARN_OBJC_ROOT_CLASS = YES_ERROR;
				CLANG_WARN_QUOTED_INCLUDE_IN_FRAMEWORK_HEADER = YES;
				CLANG_WARN_RANGE_LOOP_ANALYSIS = YES;
				CLANG_WARN_STRICT_PROTOTYPES = YES;
				CLANG_WARN_SUSPICIOUS_MOVE = YES;
				CLANG_WARN_UNGUARDED_AVAILABILITY = YES_AGGRESSIVE;
				CLANG_WARN_UNREACHABLE_CODE = YES;
				CLANG_WARN__DUPLICATE_METHOD_MATCH = YES;
				COPY_PHASE_STRIP = NO;
				DEBUG_INFORMATION_FORMAT = "dwarf-with-dsym";
				ENABLE_NS_ASSERTIONS = NO;
				ENABLE_STRICT_OBJC_MSGSEND = YES;
				GCC_C_LANGUAGE_STANDARD = gnu11;
				GCC_NO_COMMON_BLOCKS = YES;
				GCC_WARN_64_TO_32_BIT_CONVERSION = YES;
				GCC_WARN_ABOUT_RETURN_TYPE = YES_ERROR;
				GCC_WARN_UNDECLARED_SELECTOR = YES;
				GCC_WARN_UNINITIALIZED_AUTOS = YES_AGGRESSIVE;
				GCC_WARN_UNUSED_FUNCTION = YES;
				GCC_WARN_UNUSED_VARIABLE = YES;
				IPHONEOS_DEPLOYMENT_TARGET = 14.0;
				MTL_ENABLE_DEBUG_INFO = NO;
				MTL_FAST_MATH = YES;
				SDKROOT = iphoneos;
				SWIFT_COMPILATION_MODE = wholemodule;
				SWIFT_OPTIMIZATION_LEVEL = "-O";
				VALIDATE_PRODUCT = YES;
			};
			name = Release;
		};
		05262422256D8EEC007A98E7 /* Debug */ = {
			isa = XCBuildConfiguration;
			buildSettings = {
				ASSETCATALOG_COMPILER_APPICON_NAME = AppIcon;
				ASSETCATALOG_COMPILER_GLOBAL_ACCENT_COLOR_NAME = AccentColor;
				CODE_SIGN_STYLE = Automatic;
				DEVELOPMENT_TEAM = HKS3949SU4;
				INFOPLIST_FILE = WorldTrotter/Info.plist;
				LD_RUNPATH_SEARCH_PATHS = (
					"$(inherited)",
					"@executable_path/Frameworks",
				);
				PRODUCT_BUNDLE_IDENTIFIER = com.bignerdranch.WorldTrotter;
				PRODUCT_NAME = "$(TARGET_NAME)";
				SWIFT_VERSION = 5.0;
				TARGETED_DEVICE_FAMILY = "1,2";
			};
			name = Debug;
		};
		05262423256D8EEC007A98E7 /* Release */ = {
			isa = XCBuildConfiguration;
			buildSettings = {
				ASSETCATALOG_COMPILER_APPICON_NAME = AppIcon;
				ASSETCATALOG_COMPILER_GLOBAL_ACCENT_COLOR_NAME = AccentColor;
				CODE_SIGN_STYLE = Automatic;
				DEVELOPMENT_TEAM = HKS3949SU4;
				INFOPLIST_FILE = WorldTrotter/Info.plist;
				LD_RUNPATH_SEARCH_PATHS = (
					"$(inherited)",
					"@executable_path/Frameworks",
				);
				PRODUCT_BUNDLE_IDENTIFIER = com.bignerdranch.WorldTrotter;
				PRODUCT_NAME = "$(TARGET_NAME)";
				SWIFT_VERSION = 5.0;
				TARGETED_DEVICE_FAMILY = "1,2";
			};
			name = Release;
		};
		05262425256D8EEC007A98E7 /* Debug */ = {
			isa = XCBuildConfiguration;
			buildSettings = {
				ALWAYS_EMBED_SWIFT_STANDARD_LIBRARIES = YES;
				BUNDLE_LOADER = "$(TEST_HOST)";
				CODE_SIGN_STYLE = Automatic;
				DEVELOPMENT_TEAM = HKS3949SU4;
				INFOPLIST_FILE = WorldTrotterTests/Info.plist;
				IPHONEOS_DEPLOYMENT_TARGET = 14.0;
				LD_RUNPATH_SEARCH_PATHS = (
					"$(inherited)",
					"@executable_path/Frameworks",
					"@loader_path/Frameworks",
				);
				PRODUCT_BUNDLE_IDENTIFIER = com.bignerdranch.WorldTrotterTests;
				PRODUCT_NAME = "$(TARGET_NAME)";
				SWIFT_VERSION = 5.0;
				TARGETED_DEVICE_FAMILY = "1,2";
				TEST_HOST = "$(BUILT_PRODUCTS_DIR)/WorldTrotter.app/WorldTrotter";
			};
			name = Debug;
		};
		05262426256D8EEC007A98E7 /* Release */ = {
			isa = XCBuildConfiguration;
			buildSettings = {
				ALWAYS_EMBED_SWIFT_STANDARD_LIBRARIES = YES;
				BUNDLE_LOADER = "$(TEST_HOST)";
				CODE_SIGN_STYLE = Automatic;
				DEVELOPMENT_TEAM = HKS3949SU4;
				INFOPLIST_FILE = WorldTrotterTests/Info.plist;
				IPHONEOS_DEPLOYMENT_TARGET = 14.0;
				LD_RUNPATH_SEARCH_PATHS = (
					"$(inherited)",
					"@executable_path/Frameworks",
					"@loader_path/Frameworks",
				);
				PRODUCT_BUNDLE_IDENTIFIER = com.bignerdranch.WorldTrotterTests;
				PRODUCT_NAME = "$(TARGET_NAME)";
				SWIFT_VERSION = 5.0;
				TARGETED_DEVICE_FAMILY = "1,2";
				TEST_HOST = "$(BUILT_PRODUCTS_DIR)/WorldTrotter.app/WorldTrotter";
			};
			name = Release;
		};
		05262428256D8EEC007A98E7 /* Debug */ = {
			isa = XCBuildConfiguration;
			buildSettings = {
				ALWAYS_EMBED_SWIFT_STANDARD_LIBRARIES = YES;
				CODE_SIGN_STYLE = Automatic;
				DEVELOPMENT_TEAM = HKS3949SU4;
				INFOPLIST_FILE = WorldTrotterUITests/Info.plist;
				LD_RUNPATH_SEARCH_PATHS = (
					"$(inherited)",
					"@executable_path/Frameworks",
					"@loader_path/Frameworks",
				);
				PRODUCT_BUNDLE_IDENTIFIER = com.bignerdranch.WorldTrotterUITests;
				PRODUCT_NAME = "$(TARGET_NAME)";
				SWIFT_VERSION = 5.0;
				TARGETED_DEVICE_FAMILY = "1,2";
				TEST_TARGET_NAME = WorldTrotter;
			};
			name = Debug;
		};
		05262429256D8EEC007A98E7 /* Release */ = {
			isa = XCBuildConfiguration;
			buildSettings = {
				ALWAYS_EMBED_SWIFT_STANDARD_LIBRARIES = YES;
				CODE_SIGN_STYLE = Automatic;
				DEVELOPMENT_TEAM = HKS3949SU4;
				INFOPLIST_FILE = WorldTrotterUITests/Info.plist;
				LD_RUNPATH_SEARCH_PATHS = (
					"$(inherited)",
					"@executable_path/Frameworks",
					"@loader_path/Frameworks",
				);
				PRODUCT_BUNDLE_IDENTIFIER = com.bignerdranch.WorldTrotterUITests;
				PRODUCT_NAME = "$(TARGET_NAME)";
				SWIFT_VERSION = 5.0;
				TARGETED_DEVICE_FAMILY = "1,2";
				TEST_TARGET_NAME = WorldTrotter;
			};
			name = Release;
		};
/* End XCBuildConfiguration section */

/* Begin XCConfigurationList section */
		052623F2256D8EEB007A98E7 /* Build configuration list for PBXProject "WorldTrotter" */ = {
			isa = XCConfigurationList;
			buildConfigurations = (
				0526241F256D8EEC007A98E7 /* Debug */,
				05262420256D8EEC007A98E7 /* Release */,
			);
			defaultConfigurationIsVisible = 0;
			defaultConfigurationName = Release;
		};
		05262421256D8EEC007A98E7 /* Build configuration list for PBXNativeTarget "WorldTrotter" */ = {
			isa = XCConfigurationList;
			buildConfigurations = (
				05262422256D8EEC007A98E7 /* Debug */,
				05262423256D8EEC007A98E7 /* Release */,
			);
			defaultConfigurationIsVisible = 0;
			defaultConfigurationName = Release;
		};
		05262424256D8EEC007A98E7 /* Build configuration list for PBXNativeTarget "WorldTrotterTests" */ = {
			isa = XCConfigurationList;
			buildConfigurations = (
				05262425256D8EEC007A98E7 /* Debug */,
				05262426256D8EEC007A98E7 /* Release */,
			);
			defaultConfigurationIsVisible = 0;
			defaultConfigurationName = Release;
		};
		05262427256D8EEC007A98E7 /* Build configuration list for PBXNativeTarget "WorldTrotterUITests" */ = {
			isa = XCConfigurationList;
			buildConfigurations = (
				05262428256D8EEC007A98E7 /* Debug */,
				05262429256D8EEC007A98E7 /* Release */,
			);
			defaultConfigurationIsVisible = 0;
			defaultConfigurationName = Release;
		};
/* End XCConfigurationList section */
	};
	rootObject = 052623EF256D8EEB007A98E7 /* Project object */;
}
