// !$*UTF8*$!
{
	archiveVersion = 1;
	classes = {
	};
	objectVersion = 55;
	objects = {

/* Begin PBXBuildFile section */
		052F24A62832DBE000C0BF68 /* AppDelegate.swift in Sources */ = {isa = PBXBuildFile; fileRef = 052F24A52832DBE000C0BF68 /* AppDelegate.swift */; };
		052F24A82832DBE000C0BF68 /* SceneDelegate.swift in Sources */ = {isa = PBXBuildFile; fileRef = 052F24A72832DBE000C0BF68 /* SceneDelegate.swift */; };
		052F24AA2832DBE000C0BF68 /* ViewController.swift in Sources */ = {isa = PBXBuildFile; fileRef = 052F24A92832DBE000C0BF68 /* ViewController.swift */; };
		052F24AD2832DBE000C0BF68 /* Main.storyboard in Resources */ = {isa = PBXBuildFile; fileRef = 052F24AB2832DBE000C0BF68 /* Main.storyboard */; };
		052F24AF2832DBE100C0BF68 /* Assets.xcassets in Resources */ = {isa = PBXBuildFile; fileRef = 052F24AE2832DBE100C0BF68 /* Assets.xcassets */; };
		052F24B22832DBE100C0BF68 /* LaunchScreen.storyboard in Resources */ = {isa = PBXBuildFile; fileRef = 052F24B02832DBE100C0BF68 /* LaunchScreen.storyboard */; };
		052F24BD2832DBE200C0BF68 /* TestAppTests.swift in Sources */ = {isa = PBXBuildFile; fileRef = 052F24BC2832DBE200C0BF68 /* TestAppTests.swift */; };
		052F24C72832DBE200C0BF68 /* TestAppUITests.swift in Sources */ = {isa = PBXBuildFile; fileRef = 052F24C62832DBE200C0BF68 /* TestAppUITests.swift */; };
		052F24C92832DBE200C0BF68 /* TestAppUITestsLaunchTests.swift in Sources */ = {isa = PBXBuildFile; fileRef = 052F24C82832DBE200C0BF68 /* TestAppUITestsLaunchTests.swift */; };
		052F24D62832DEB900C0BF68 /* TestController.swift in Sources */ = {isa = PBXBuildFile; fileRef = 052F24D52832DEB900C0BF68 /* TestController.swift */; };
/* End PBXBuildFile section */

/* Begin PBXContainerItemProxy section */
		052F24B92832DBE200C0BF68 /* PBXContainerItemProxy */ = {
			isa = PBXContainerItemProxy;
			containerPortal = 052F249A2832DBE000C0BF68 /* Project object */;
			proxyType = 1;
			remoteGlobalIDString = 052F24A12832DBE000C0BF68;
			remoteInfo = TestApp;
		};
		052F24C32832DBE200C0BF68 /* PBXContainerItemProxy */ = {
			isa = PBXContainerItemProxy;
			containerPortal = 052F249A2832DBE000C0BF68 /* Project object */;
			proxyType = 1;
			remoteGlobalIDString = 052F24A12832DBE000C0BF68;
			remoteInfo = TestApp;
		};
/* End PBXContainerItemProxy section */

/* Begin PBXFileReference section */
		052F24A22832DBE000C0BF68 /* TestApp.app */ = {isa = PBXFileReference; explicitFileType = wrapper.application; includeInIndex = 0; path = TestApp.app; sourceTree = BUILT_PRODUCTS_DIR; };
		052F24A52832DBE000C0BF68 /* AppDelegate.swift */ = {isa = PBXFileReference; lastKnownFileType = sourcecode.swift; path = AppDelegate.swift; sourceTree = "<group>"; };
		052F24A72832DBE000C0BF68 /* SceneDelegate.swift */ = {isa = PBXFileReference; lastKnownFileType = sourcecode.swift; path = SceneDelegate.swift; sourceTree = "<group>"; };
		052F24A92832DBE000C0BF68 /* ViewController.swift */ = {isa = PBXFileReference; lastKnownFileType = sourcecode.swift; path = ViewController.swift; sourceTree = "<group>"; };
		052F24AC2832DBE000C0BF68 /* Base */ = {isa = PBXFileReference; lastKnownFileType = file.storyboard; name = Base; path = Base.lproj/Main.storyboard; sourceTree = "<group>"; };
		052F24AE2832DBE100C0BF68 /* Assets.xcassets */ = {isa = PBXFileReference; lastKnownFileType = folder.assetcatalog; path = Assets.xcassets; sourceTree = "<group>"; };
		052F24B12832DBE100C0BF68 /* Base */ = {isa = PBXFileReference; lastKnownFileType = file.storyboard; name = Base; path = Base.lproj/LaunchScreen.storyboard; sourceTree = "<group>"; };
		052F24B32832DBE100C0BF68 /* Info.plist */ = {isa = PBXFileReference; lastKnownFileType = text.plist.xml; path = Info.plist; sourceTree = "<group>"; };
		052F24B82832DBE200C0BF68 /* TestAppTests.xctest */ = {isa = PBXFileReference; explicitFileType = wrapper.cfbundle; includeInIndex = 0; path = TestAppTests.xctest; sourceTree = BUILT_PRODUCTS_DIR; };
		052F24BC2832DBE200C0BF68 /* TestAppTests.swift */ = {isa = PBXFileReference; lastKnownFileType = sourcecode.swift; path = TestAppTests.swift; sourceTree = "<group>"; };
		052F24C22832DBE200C0BF68 /* TestAppUITests.xctest */ = {isa = PBXFileReference; explicitFileType = wrapper.cfbundle; includeInIndex = 0; path = TestAppUITests.xctest; sourceTree = BUILT_PRODUCTS_DIR; };
		052F24C62832DBE200C0BF68 /* TestAppUITests.swift */ = {isa = PBXFileReference; lastKnownFileType = sourcecode.swift; path = TestAppUITests.swift; sourceTree = "<group>"; };
		052F24C82832DBE200C0BF68 /* TestAppUITestsLaunchTests.swift */ = {isa = PBXFileReference; lastKnownFileType = sourcecode.swift; path = TestAppUITestsLaunchTests.swift; sourceTree = "<group>"; };
		052F24D52832DEB900C0BF68 /* TestController.swift */ = {isa = PBXFileReference; lastKnownFileType = sourcecode.swift; path = TestController.swift; sourceTree = "<group>"; };
/* End PBXFileReference section */

/* Begin PBXFrameworksBuildPhase section */
		052F249F2832DBE000C0BF68 /* Frameworks */ = {
			isa = PBXFrameworksBuildPhase;
			buildActionMask = 2147483647;
			files = (
			);
			runOnlyForDeploymentPostprocessing = 0;
		};
		052F24B52832DBE200C0BF68 /* Frameworks */ = {
			isa = PBXFrameworksBuildPhase;
			buildActionMask = 2147483647;
			files = (
			);
			runOnlyForDeploymentPostprocessing = 0;
		};
		052F24BF2832DBE200C0BF68 /* Frameworks */ = {
			isa = PBXFrameworksBuildPhase;
			buildActionMask = 2147483647;
			files = (
			);
			runOnlyForDeploymentPostprocessing = 0;
		};
/* End PBXFrameworksBuildPhase section */

/* Begin PBXGroup section */
		052F24992832DBE000C0BF68 = {
			isa = PBXGroup;
			children = (
				052F24A42832DBE000C0BF68 /* TestApp */,
				052F24BB2832DBE200C0BF68 /* TestAppTests */,
				052F24C52832DBE200C0BF68 /* TestAppUITests */,
				052F24A32832DBE000C0BF68 /* Products */,
			);
			sourceTree = "<group>";
		};
		052F24A32832DBE000C0BF68 /* Products */ = {
			isa = PBXGroup;
			children = (
				052F24A22832DBE000C0BF68 /* TestApp.app */,
				052F24B82832DBE200C0BF68 /* TestAppTests.xctest */,
				052F24C22832DBE200C0BF68 /* TestAppUITests.xctest */,
			);
			name = Products;
			sourceTree = "<group>";
		};
		052F24A42832DBE000C0BF68 /* TestApp */ = {
			isa = PBXGroup;
			children = (
				052F24A52832DBE000C0BF68 /* AppDelegate.swift */,
				052F24A72832DBE000C0BF68 /* SceneDelegate.swift */,
				052F24A92832DBE000C0BF68 /* ViewController.swift */,
				052F24D52832DEB900C0BF68 /* TestController.swift */,
				052F24AB2832DBE000C0BF68 /* Main.storyboard */,
				052F24AE2832DBE100C0BF68 /* Assets.xcassets */,
				052F24B02832DBE100C0BF68 /* LaunchScreen.storyboard */,
				052F24B32832DBE100C0BF68 /* Info.plist */,
			);
			path = TestApp;
			sourceTree = "<group>";
		};
		052F24BB2832DBE200C0BF68 /* TestAppTests */ = {
			isa = PBXGroup;
			children = (
				052F24BC2832DBE200C0BF68 /* TestAppTests.swift */,
			);
			path = TestAppTests;
			sourceTree = "<group>";
		};
		052F24C52832DBE200C0BF68 /* TestAppUITests */ = {
			isa = PBXGroup;
			children = (
				052F24C62832DBE200C0BF68 /* TestAppUITests.swift */,
				052F24C82832DBE200C0BF68 /* TestAppUITestsLaunchTests.swift */,
			);
			path = TestAppUITests;
			sourceTree = "<group>";
		};
/* End PBXGroup section */

/* Begin PBXNativeTarget section */
		052F24A12832DBE000C0BF68 /* TestApp */ = {
			isa = PBXNativeTarget;
			buildConfigurationList = 052F24CC2832DBE200C0BF68 /* Build configuration list for PBXNativeTarget "TestApp" */;
			buildPhases = (
				052F249E2832DBE000C0BF68 /* Sources */,
				052F249F2832DBE000C0BF68 /* Frameworks */,
				052F24A02832DBE000C0BF68 /* Resources */,
			);
			buildRules = (
			);
			dependencies = (
			);
			name = TestApp;
			productName = TestApp;
			productReference = 052F24A22832DBE000C0BF68 /* TestApp.app */;
			productType = "com.apple.product-type.application";
		};
		052F24B72832DBE200C0BF68 /* TestAppTests */ = {
			isa = PBXNativeTarget;
			buildConfigurationList = 052F24CF2832DBE200C0BF68 /* Build configuration list for PBXNativeTarget "TestAppTests" */;
			buildPhases = (
				052F24B42832DBE200C0BF68 /* Sources */,
				052F24B52832DBE200C0BF68 /* Frameworks */,
				052F24B62832DBE200C0BF68 /* Resources */,
			);
			buildRules = (
			);
			dependencies = (
				052F24BA2832DBE200C0BF68 /* PBXTargetDependency */,
			);
			name = TestAppTests;
			productName = TestAppTests;
			productReference = 052F24B82832DBE200C0BF68 /* TestAppTests.xctest */;
			productType = "com.apple.product-type.bundle.unit-test";
		};
		052F24C12832DBE200C0BF68 /* TestAppUITests */ = {
			isa = PBXNativeTarget;
			buildConfigurationList = 052F24D22832DBE200C0BF68 /* Build configuration list for PBXNativeTarget "TestAppUITests" */;
			buildPhases = (
				052F24BE2832DBE200C0BF68 /* Sources */,
				052F24BF2832DBE200C0BF68 /* Frameworks */,
				052F24C02832DBE200C0BF68 /* Resources */,
			);
			buildRules = (
			);
			dependencies = (
				052F24C42832DBE200C0BF68 /* PBXTargetDependency */,
			);
			name = TestAppUITests;
			productName = TestAppUITests;
			productReference = 052F24C22832DBE200C0BF68 /* TestAppUITests.xctest */;
			productType = "com.apple.product-type.bundle.ui-testing";
		};
/* End PBXNativeTarget section */

/* Begin PBXProject section */
		052F249A2832DBE000C0BF68 /* Project object */ = {
			isa = PBXProject;
			attributes = {
				BuildIndependentTargetsInParallel = 1;
				LastSwiftUpdateCheck = 1320;
				LastUpgradeCheck = 1320;
				TargetAttributes = {
					052F24A12832DBE000C0BF68 = {
						CreatedOnToolsVersion = 13.2.1;
					};
					052F24B72832DBE200C0BF68 = {
						CreatedOnToolsVersion = 13.2.1;
						TestTargetID = 052F24A12832DBE000C0BF68;
					};
					052F24C12832DBE200C0BF68 = {
						CreatedOnToolsVersion = 13.2.1;
						TestTargetID = 052F24A12832DBE000C0BF68;
					};
				};
			};
			buildConfigurationList = 052F249D2832DBE000C0BF68 /* Build configuration list for PBXProject "TestApp" */;
			compatibilityVersion = "Xcode 13.0";
			developmentRegion = en;
			hasScannedForEncodings = 0;
			knownRegions = (
				en,
				Base,
			);
			mainGroup = 052F24992832DBE000C0BF68;
			productRefGroup = 052F24A32832DBE000C0BF68 /* Products */;
			projectDirPath = "";
			projectRoot = "";
			targets = (
				052F24A12832DBE000C0BF68 /* TestApp */,
				052F24B72832DBE200C0BF68 /* TestAppTests */,
				052F24C12832DBE200C0BF68 /* TestAppUITests */,
			);
		};
/* End PBXProject section */

/* Begin PBXResourcesBuildPhase section */
		052F24A02832DBE000C0BF68 /* Resources */ = {
			isa = PBXResourcesBuildPhase;
			buildActionMask = 2147483647;
			files = (
				052F24B22832DBE100C0BF68 /* LaunchScreen.storyboard in Resources */,
				052F24AF2832DBE100C0BF68 /* Assets.xcassets in Resources */,
				052F24AD2832DBE000C0BF68 /* Main.storyboard in Resources */,
			);
			runOnlyForDeploymentPostprocessing = 0;
		};
		052F24B62832DBE200C0BF68 /* Resources */ = {
			isa = PBXResourcesBuildPhase;
			buildActionMask = 2147483647;
			files = (
			);
			runOnlyForDeploymentPostprocessing = 0;
		};
		052F24C02832DBE200C0BF68 /* Resources */ = {
			isa = PBXResourcesBuildPhase;
			buildActionMask = 2147483647;
			files = (
			);
			runOnlyForDeploymentPostprocessing = 0;
		};
/* End PBXResourcesBuildPhase section */

/* Begin PBXSourcesBuildPhase section */
		052F249E2832DBE000C0BF68 /* Sources */ = {
			isa = PBXSourcesBuildPhase;
			buildActionMask = 2147483647;
			files = (
				052F24AA2832DBE000C0BF68 /* ViewController.swift in Sources */,
				052F24A62832DBE000C0BF68 /* AppDelegate.swift in Sources */,
				052F24A82832DBE000C0BF68 /* SceneDelegate.swift in Sources */,
				052F24D62832DEB900C0BF68 /* TestController.swift in Sources */,
			);
			runOnlyForDeploymentPostprocessing = 0;
		};
		052F24B42832DBE200C0BF68 /* Sources */ = {
			isa = PBXSourcesBuildPhase;
			buildActionMask = 2147483647;
			files = (
				052F24BD2832DBE200C0BF68 /* TestAppTests.swift in Sources */,
			);
			runOnlyForDeploymentPostprocessing = 0;
		};
		052F24BE2832DBE200C0BF68 /* Sources */ = {
			isa = PBXSourcesBuildPhase;
			buildActionMask = 2147483647;
			files = (
				052F24C92832DBE200C0BF68 /* TestAppUITestsLaunchTests.swift in Sources */,
				052F24C72832DBE200C0BF68 /* TestAppUITests.swift in Sources */,
			);
			runOnlyForDeploymentPostprocessing = 0;
		};
/* End PBXSourcesBuildPhase section */

/* Begin PBXTargetDependency section */
		052F24BA2832DBE200C0BF68 /* PBXTargetDependency */ = {
			isa = PBXTargetDependency;
			target = 052F24A12832DBE000C0BF68 /* TestApp */;
			targetProxy = 052F24B92832DBE200C0BF68 /* PBXContainerItemProxy */;
		};
		052F24C42832DBE200C0BF68 /* PBXTargetDependency */ = {
			isa = PBXTargetDependency;
			target = 052F24A12832DBE000C0BF68 /* TestApp */;
			targetProxy = 052F24C32832DBE200C0BF68 /* PBXContainerItemProxy */;
		};
/* End PBXTargetDependency section */

/* Begin PBXVariantGroup section */
		052F24AB2832DBE000C0BF68 /* Main.storyboard */ = {
			isa = PBXVariantGroup;
			children = (
				052F24AC2832DBE000C0BF68 /* Base */,
			);
			name = Main.storyboard;
			sourceTree = "<group>";
		};
		052F24B02832DBE100C0BF68 /* LaunchScreen.storyboard */ = {
			isa = PBXVariantGroup;
			children = (
				052F24B12832DBE100C0BF68 /* Base */,
			);
			name = LaunchScreen.storyboard;
			sourceTree = "<group>";
		};
/* End PBXVariantGroup section */

/* Begin XCBuildConfiguration section */
		052F24CA2832DBE200C0BF68 /* Debug */ = {
			isa = XCBuildConfiguration;
			buildSettings = {
				ALWAYS_SEARCH_USER_PATHS = NO;
				CLANG_ANALYZER_NONNULL = YES;
				CLANG_ANALYZER_NUMBER_OBJECT_CONVERSION = YES_AGGRESSIVE;
				CLANG_CXX_LANGUAGE_STANDARD = "gnu++17";
				CLANG_CXX_LIBRARY = "libc++";
				CLANG_ENABLE_MODULES = YES;
				CLANG_ENABLE_OBJC_ARC = YES;
				CLANG_ENABLE_OBJC_WEAK = YES;
				CLANG_WARN_BLOCK_CAPTURE_AUTORELEASING = YES;
				CLANG_WARN_BOOL_CONVERSION = YES;
				CLANG_WARN_COMMA = YES;
				CLANG_WARN_CONSTANT_CONVERSION = YES;
				CLANG_WARN_DEPRECATED_OBJC_IMPLEMENTATIONS = YES;
				CLANG_WARN_DIRECT_OBJC_ISA_USAGE = YES_ERROR;
				CLANG_WARN_DOCUMENTATION_COMMENTS = YES;
				CLANG_WARN_EMPTY_BODY = YES;
				CLANG_WARN_ENUM_CONVERSION = YES;
				CLANG_WARN_INFINITE_RECURSION = YES;
				CLANG_WARN_INT_CONVERSION = YES;
				CLANG_WARN_NON_LITERAL_NULL_CONVERSION = YES;
				CLANG_WARN_OBJC_IMPLICIT_RETAIN_SELF = YES;
				CLANG_WARN_OBJC_LITERAL_CONVERSION = YES;
				CLANG_WARN_OBJC_ROOT_CLASS = YES_ERROR;
				CLANG_WARN_QUOTED_INCLUDE_IN_FRAMEWORK_HEADER = YES;
				CLANG_WARN_RANGE_LOOP_ANALYSIS = YES;
				CLANG_WARN_STRICT_PROTOTYPES = YES;
				CLANG_WARN_SUSPICIOUS_MOVE = YES;
				CLANG_WARN_UNGUARDED_AVAILABILITY = YES_AGGRESSIVE;
				CLANG_WARN_UNREACHABLE_CODE = YES;
				CLANG_WARN__DUPLICATE_METHOD_MATCH = YES;
				COPY_PHASE_STRIP = YES;
				DEBUG_INFORMATION_FORMAT = dwarf;
				DEPLOYMENT_POSTPROCESSING = YES;
				ENABLE_STRICT_OBJC_MSGSEND = YES;
				ENABLE_TESTABILITY = YES;
				GCC_C_LANGUAGE_STANDARD = gnu11;
				GCC_DYNAMIC_NO_PIC = NO;
				GCC_NO_COMMON_BLOCKS = YES;
				GCC_OPTIMIZATION_LEVEL = 0;
				GCC_PREPROCESSOR_DEFINITIONS = (
					"DEBUG=1",
					"$(inherited)",
				);
				GCC_WARN_64_TO_32_BIT_CONVERSION = YES;
				GCC_WARN_ABOUT_RETURN_TYPE = YES_ERROR;
				GCC_WARN_UNDECLARED_SELECTOR = YES;
				GCC_WARN_UNINITIALIZED_AUTOS = YES_AGGRESSIVE;
				GCC_WARN_UNUSED_FUNCTION = YES;
				GCC_WARN_UNUSED_VARIABLE = YES;
				IPHONEOS_DEPLOYMENT_TARGET = 15.2;
				MACH_O_TYPE = mh_execute;
				MTL_ENABLE_DEBUG_INFO = INCLUDE_SOURCE;
				MTL_FAST_MATH = YES;
				ONLY_ACTIVE_ARCH = YES;
				SDKROOT = iphoneos;
				SEPARATE_SYMBOL_EDIT = YES;
				STRIP_INSTALLED_PRODUCT = YES;
				SWIFT_ACTIVE_COMPILATION_CONDITIONS = DEBUG;
				SWIFT_OPTIMIZATION_LEVEL = "-Onone";
			};
			name = Debug;
		};
		052F24CB2832DBE200C0BF68 /* Release */ = {
			isa = XCBuildConfiguration;
			buildSettings = {
				ALWAYS_SEARCH_USER_PATHS = NO;
				CLANG_ANALYZER_NONNULL = YES;
				CLANG_ANALYZER_NUMBER_OBJECT_CONVERSION = YES_AGGRESSIVE;
				CLANG_CXX_LANGUAGE_STANDARD = "gnu++17";
				CLANG_CXX_LIBRARY = "libc++";
				CLANG_ENABLE_MODULES = YES;
				CLANG_ENABLE_OBJC_ARC = YES;
				CLANG_ENABLE_OBJC_WEAK = YES;
				CLANG_WARN_BLOCK_CAPTURE_AUTORELEASING = YES;
				CLANG_WARN_BOOL_CONVERSION = YES;
				CLANG_WARN_COMMA = YES;
				CLANG_WARN_CONSTANT_CONVERSION = YES;
				CLANG_WARN_DEPRECATED_OBJC_IMPLEMENTATIONS = YES;
				CLANG_WARN_DIRECT_OBJC_ISA_USAGE = YES_ERROR;
				CLANG_WARN_DOCUMENTATION_COMMENTS = YES;
				CLANG_WARN_EMPTY_BODY = YES;
				CLANG_WARN_ENUM_CONVERSION = YES;
				CLANG_WARN_INFINITE_RECURSION = YES;
				CLANG_WARN_INT_CONVERSION = YES;
				CLANG_WARN_NON_LITERAL_NULL_CONVERSION = YES;
				CLANG_WARN_OBJC_IMPLICIT_RETAIN_SELF = YES;
				CLANG_WARN_OBJC_LITERAL_CONVERSION = YES;
				CLANG_WARN_OBJC_ROOT_CLASS = YES_ERROR;
				CLANG_WARN_QUOTED_INCLUDE_IN_FRAMEWORK_HEADER = YES;
				CLANG_WARN_RANGE_LOOP_ANALYSIS = YES;
				CLANG_WARN_STRICT_PROTOTYPES = YES;
				CLANG_WARN_SUSPICIOUS_MOVE = YES;
				CLANG_WARN_UNGUARDED_AVAILABILITY = YES_AGGRESSIVE;
				CLANG_WARN_UNREACHABLE_CODE = YES;
				CLANG_WARN__DUPLICATE_METHOD_MATCH = YES;
				COPY_PHASE_STRIP = YES;
				DEBUG_INFORMATION_FORMAT = "dwarf-with-dsym";
				DEPLOYMENT_POSTPROCESSING = YES;
				ENABLE_NS_ASSERTIONS = NO;
				ENABLE_STRICT_OBJC_MSGSEND = YES;
				GCC_C_LANGUAGE_STANDARD = gnu11;
				GCC_NO_COMMON_BLOCKS = YES;
				GCC_WARN_64_TO_32_BIT_CONVERSION = YES;
				GCC_WARN_ABOUT_RETURN_TYPE = YES_ERROR;
				GCC_WARN_UNDECLARED_SELECTOR = YES;
				GCC_WARN_UNINITIALIZED_AUTOS = YES_AGGRESSIVE;
				GCC_WARN_UNUSED_FUNCTION = YES;
				GCC_WARN_UNUSED_VARIABLE = YES;
				IPHONEOS_DEPLOYMENT_TARGET = 15.2;
				MACH_O_TYPE = mh_execute;
				MTL_ENABLE_DEBUG_INFO = NO;
				MTL_FAST_MATH = YES;
				SDKROOT = iphoneos;
				SEPARATE_SYMBOL_EDIT = YES;
				STRIP_INSTALLED_PRODUCT = YES;
				SWIFT_COMPILATION_MODE = wholemodule;
				SWIFT_OPTIMIZATION_LEVEL = "-O";
				VALIDATE_PRODUCT = YES;
			};
			name = Release;
		};
		052F24CD2832DBE200C0BF68 /* Debug */ = {
			isa = XCBuildConfiguration;
			buildSettings = {
				ASSETCATALOG_COMPILER_APPICON_NAME = AppIcon;
				ASSETCATALOG_COMPILER_GLOBAL_ACCENT_COLOR_NAME = AccentColor;
				CODE_SIGN_STYLE = Automatic;
				CURRENT_PROJECT_VERSION = 1;
				DEVELOPMENT_TEAM = HKS3949SU4;
				GENERATE_INFOPLIST_FILE = YES;
				INFOPLIST_FILE = TestApp/Info.plist;
				INFOPLIST_KEY_UIApplicationSupportsIndirectInputEvents = YES;
				INFOPLIST_KEY_UILaunchStoryboardName = LaunchScreen;
				INFOPLIST_KEY_UIMainStoryboardFile = Main;
				INFOPLIST_KEY_UISupportedInterfaceOrientations_iPad = "UIInterfaceOrientationPortrait UIInterfaceOrientationPortraitUpsideDown UIInterfaceOrientationLandscapeLeft UIInterfaceOrientationLandscapeRight";
				INFOPLIST_KEY_UISupportedInterfaceOrientations_iPhone = "UIInterfaceOrientationPortrait UIInterfaceOrientationLandscapeLeft UIInterfaceOrientationLandscapeRight";
				LD_RUNPATH_SEARCH_PATHS = (
					"$(inherited)",
					"@executable_path/Frameworks",
				);
				MARKETING_VERSION = 1.0;
				PRODUCT_BUNDLE_IDENTIFIER = com.lauren.TestApp;
				PRODUCT_NAME = "$(TARGET_NAME)";
				SWIFT_EMIT_LOC_STRINGS = YES;
				SWIFT_VERSION = 5.0;
				TARGETED_DEVICE_FAMILY = "1,2";
			};
			name = Debug;
		};
		052F24CE2832DBE200C0BF68 /* Release */ = {
			isa = XCBuildConfiguration;
			buildSettings = {
				ASSETCATALOG_COMPILER_APPICON_NAME = AppIcon;
				ASSETCATALOG_COMPILER_GLOBAL_ACCENT_COLOR_NAME = AccentColor;
				CODE_SIGN_STYLE = Automatic;
				CURRENT_PROJECT_VERSION = 1;
				DEVELOPMENT_TEAM = HKS3949SU4;
				GENERATE_INFOPLIST_FILE = YES;
				INFOPLIST_FILE = TestApp/Info.plist;
				INFOPLIST_KEY_UIApplicationSupportsIndirectInputEvents = YES;
				INFOPLIST_KEY_UILaunchStoryboardName = LaunchScreen;
				INFOPLIST_KEY_UIMainStoryboardFile = Main;
				INFOPLIST_KEY_UISupportedInterfaceOrientations_iPad = "UIInterfaceOrientationPortrait UIInterfaceOrientationPortraitUpsideDown UIInterfaceOrientationLandscapeLeft UIInterfaceOrientationLandscapeRight";
				INFOPLIST_KEY_UISupportedInterfaceOrientations_iPhone = "UIInterfaceOrientationPortrait UIInterfaceOrientationLandscapeLeft UIInterfaceOrientationLandscapeRight";
				LD_RUNPATH_SEARCH_PATHS = (
					"$(inherited)",
					"@executable_path/Frameworks",
				);
				MARKETING_VERSION = 1.0;
				PRODUCT_BUNDLE_IDENTIFIER = com.lauren.TestApp;
				PRODUCT_NAME = "$(TARGET_NAME)";
				SWIFT_EMIT_LOC_STRINGS = YES;
				SWIFT_VERSION = 5.0;
				TARGETED_DEVICE_FAMILY = "1,2";
			};
			name = Release;
		};
		052F24D02832DBE200C0BF68 /* Debug */ = {
			isa = XCBuildConfiguration;
			buildSettings = {
				ALWAYS_EMBED_SWIFT_STANDARD_LIBRARIES = YES;
				BUNDLE_LOADER = "$(TEST_HOST)";
				CODE_SIGN_STYLE = Automatic;
				CURRENT_PROJECT_VERSION = 1;
				DEVELOPMENT_TEAM = HKS3949SU4;
				GENERATE_INFOPLIST_FILE = YES;
				IPHONEOS_DEPLOYMENT_TARGET = 15.2;
				MARKETING_VERSION = 1.0;
				PRODUCT_BUNDLE_IDENTIFIER = com.lauren.TestAppTests;
				PRODUCT_NAME = "$(TARGET_NAME)";
				SWIFT_EMIT_LOC_STRINGS = NO;
				SWIFT_VERSION = 5.0;
				TARGETED_DEVICE_FAMILY = "1,2";
				TEST_HOST = "$(BUILT_PRODUCTS_DIR)/TestApp.app/TestApp";
			};
			name = Debug;
		};
		052F24D12832DBE200C0BF68 /* Release */ = {
			isa = XCBuildConfiguration;
			buildSettings = {
				ALWAYS_EMBED_SWIFT_STANDARD_LIBRARIES = YES;
				BUNDLE_LOADER = "$(TEST_HOST)";
				CODE_SIGN_STYLE = Automatic;
				CURRENT_PROJECT_VERSION = 1;
				DEVELOPMENT_TEAM = HKS3949SU4;
				GENERATE_INFOPLIST_FILE = YES;
				IPHONEOS_DEPLOYMENT_TARGET = 15.2;
				MARKETING_VERSION = 1.0;
				PRODUCT_BUNDLE_IDENTIFIER = com.lauren.TestAppTests;
				PRODUCT_NAME = "$(TARGET_NAME)";
				SWIFT_EMIT_LOC_STRINGS = NO;
				SWIFT_VERSION = 5.0;
				TARGETED_DEVICE_FAMILY = "1,2";
				TEST_HOST = "$(BUILT_PRODUCTS_DIR)/TestApp.app/TestApp";
			};
			name = Release;
		};
		052F24D32832DBE200C0BF68 /* Debug */ = {
			isa = XCBuildConfiguration;
			buildSettings = {
				ALWAYS_EMBED_SWIFT_STANDARD_LIBRARIES = YES;
				CODE_SIGN_STYLE = Automatic;
				CURRENT_PROJECT_VERSION = 1;
				DEVELOPMENT_TEAM = HKS3949SU4;
				GENERATE_INFOPLIST_FILE = YES;
				MARKETING_VERSION = 1.0;
				PRODUCT_BUNDLE_IDENTIFIER = com.lauren.TestAppUITests;
				PRODUCT_NAME = "$(TARGET_NAME)";
				SWIFT_EMIT_LOC_STRINGS = NO;
				SWIFT_VERSION = 5.0;
				TARGETED_DEVICE_FAMILY = "1,2";
				TEST_TARGET_NAME = TestApp;
			};
			name = Debug;
		};
		052F24D42832DBE200C0BF68 /* Release */ = {
			isa = XCBuildConfiguration;
			buildSettings = {
				ALWAYS_EMBED_SWIFT_STANDARD_LIBRARIES = YES;
				CODE_SIGN_STYLE = Automatic;
				CURRENT_PROJECT_VERSION = 1;
				DEVELOPMENT_TEAM = HKS3949SU4;
				GENERATE_INFOPLIST_FILE = YES;
				MARKETING_VERSION = 1.0;
				PRODUCT_BUNDLE_IDENTIFIER = com.lauren.TestAppUITests;
				PRODUCT_NAME = "$(TARGET_NAME)";
				SWIFT_EMIT_LOC_STRINGS = NO;
				SWIFT_VERSION = 5.0;
				TARGETED_DEVICE_FAMILY = "1,2";
				TEST_TARGET_NAME = TestApp;
			};
			name = Release;
		};
/* End XCBuildConfiguration section */

/* Begin XCConfigurationList section */
		052F249D2832DBE000C0BF68 /* Build configuration list for PBXProject "TestApp" */ = {
			isa = XCConfigurationList;
			buildConfigurations = (
				052F24CA2832DBE200C0BF68 /* Debug */,
				052F24CB2832DBE200C0BF68 /* Release */,
			);
			defaultConfigurationIsVisible = 0;
			defaultConfigurationName = Release;
		};
		052F24CC2832DBE200C0BF68 /* Build configuration list for PBXNativeTarget "TestApp" */ = {
			isa = XCConfigurationList;
			buildConfigurations = (
				052F24CD2832DBE200C0BF68 /* Debug */,
				052F24CE2832DBE200C0BF68 /* Release */,
			);
			defaultConfigurationIsVisible = 0;
			defaultConfigurationName = Release;
		};
		052F24CF2832DBE200C0BF68 /* Build configuration list for PBXNativeTarget "TestAppTests" */ = {
			isa = XCConfigurationList;
			buildConfigurations = (
				052F24D02832DBE200C0BF68 /* Debug */,
				052F24D12832DBE200C0BF68 /* Release */,
			);
			defaultConfigurationIsVisible = 0;
			defaultConfigurationName = Release;
		};
		052F24D22832DBE200C0BF68 /* Build configuration list for PBXNativeTarget "TestAppUITests" */ = {
			isa = XCConfigurationList;
			buildConfigurations = (
				052F24D32832DBE200C0BF68 /* Debug */,
				052F24D42832DBE200C0BF68 /* Release */,
			);
			defaultConfigurationIsVisible = 0;
			defaultConfigurationName = Release;
		};
/* End XCConfigurationList section */
	};
	rootObject = 052F249A2832DBE000C0BF68 /* Project object */;
}
